
Microsoft Visual Studio Solution File, Format Version 12.00
# Visual Studio Version 17
VisualStudioVersion = 17.8.34322.80
MinimumVisualStudioVersion = 10.0.40219.1
Project("{9A19103F-16F7-4668-BE54-9A1E7A4F7556}") = "AM.ApplicationCore", "AM.ApplicationCore\AM.ApplicationCore.csproj", "{DF9F838D-9578-4805-B730-5C1D84FD9AD1}"
EndProject
Project("{9A19103F-16F7-4668-BE54-9A1E7A4F7556}") = "AM.UI.Console", "AM.UI.Console\AM.UI.Console.csproj", "{AFDA462E-2A04-46A6-B419-B333651CEE88}"
EndProject
Project("{9A19103F-16F7-4668-BE54-9A1E7A4F7556}") = "AM.Infrastructure", "AM.Infrastructure\AM.Infrastructure.csproj", "{841E6B70-E7F4-4F89-8993-CF6766DE5AD6}"
EndProject
Project("{9A19103F-16F7-4668-BE54-9A1E7A4F7556}") = "AM.UI.Web", "AM.UI.Web\AM.UI.Web.csproj", "{566E6213-E114-44F1-83B9-D9FBF75D87B9}"
EndProject
Project("{FAE04EC0-301F-11D3-BF4B-00C04F79EFBC}") = "AM.UI.Tests", "AM.UI.Tests\AM.UI.Tests.csproj", "{1C3DAAF1-8A8A-459A-BD2C-8B3C4ACA0213}"
EndProject
Global
	GlobalSection(SolutionConfigurationPlatforms) = preSolution
		Debug|Any CPU = Debug|Any CPU
		Release|Any CPU = Release|Any CPU
	EndGlobalSection
	GlobalSection(ProjectConfigurationPlatforms) = postSolution
		{DF9F838D-9578-4805-B730-5C1D84FD9AD1}.Debug|Any CPU.ActiveCfg = Debug|Any CPU
		{DF9F838D-9578-4805-B730-5C1D84FD9AD1}.Debug|Any CPU.Build.0 = Debug|Any CPU
		{DF9F838D-9578-4805-B730-5C1D84FD9AD1}.Release|Any CPU.ActiveCfg = Release|Any CPU
		{DF9F838D-9578-4805-B730-5C1D84FD9AD1}.Release|Any CPU.Build.0 = Release|Any CPU
		{AFDA462E-2A04-46A6-B419-B333651CEE88}.Debug|Any CPU.ActiveCfg = Debug|Any CPU
		{AFDA462E-2A04-46A6-B419-B333651CEE88}.Debug|Any CPU.Build.0 = Debug|Any CPU
		{AFDA462E-2A04-46A6-B419-B333651CEE88}.Release|Any CPU.ActiveCfg = Release|Any CPU
		{AFDA462E-2A04-46A6-B419-B333651CEE88}.Release|Any CPU.Build.0 = Release|Any CPU
		{841E6B70-E7F4-4F89-8993-CF6766DE5AD6}.Debug|Any CPU.ActiveCfg = Debug|Any CPU
		{841E6B70-E7F4-4F89-8993-CF6766DE5AD6}.Debug|Any CPU.Build.0 = Debug|Any CPU
		{841E6B70-E7F4-4F89-8993-CF6766DE5AD6}.Release|Any CPU.ActiveCfg = Release|Any CPU
		{841E6B70-E7F4-4F89-8993-CF6766DE5AD6}.Release|Any CPU.Build.0 = Release|Any CPU
		{566E6213-E114-44F1-83B9-D9FBF75D87B9}.Debug|Any CPU.ActiveCfg = Debug|Any CPU
		{566E6213-E114-44F1-83B9-D9FBF75D87B9}.Debug|Any CPU.Build.0 = Debug|Any CPU
		{566E6213-E114-44F1-83B9-D9FBF75D87B9}.Release|Any CPU.ActiveCfg = Release|Any CPU
		{566E6213-E114-44F1-83B9-D9FBF75D87B9}.Release|Any CPU.Build.0 = Release|Any CPU
		{1C3DAAF1-8A8A-459A-BD2C-8B3C4ACA0213}.Debug|Any CPU.ActiveCfg = Debug|Any CPU
		{1C3DAAF1-8A8A-459A-BD2C-8B3C4ACA0213}.Debug|Any CPU.Build.0 = Debug|Any CPU
		{1C3DAAF1-8A8A-459A-BD2C-8B3C4ACA0213}.Release|Any CPU.ActiveCfg = Release|Any CPU
		{1C3DAAF1-8A8A-459A-BD2C-8B3C4ACA0213}.Release|Any CPU.Build.0 = Release|Any CPU
	EndGlobalSection
	GlobalSection(SolutionProperties) = preSolution
		HideSolutionNode = FALSE
	EndGlobalSection
	GlobalSection(ExtensibilityGlobals) = postSolution
		SolutionGuid = {D065A5F9-8315-4DD7-8AE2-715E469A6D5A}
	EndGlobalSection
EndGlobal
